// !$*UTF8*$!
{
	archiveVersion = 1;
	classes = {
	};
	objectVersion = 51;
	objects = {

/* Begin PBXBuildFile section */
		28057C704BD757E21C9FDABC /* Pods_LetsChatBeta.framework in Frameworks */ = {isa = PBXBuildFile; fileRef = 77B6785364CB3BB2D8BDDFC8 /* Pods_LetsChatBeta.framework */; };
		4E1C5E7226A9A4140055ABA3 /* GoogleService-Info.plist in Resources */ = {isa = PBXBuildFile; fileRef = 4E1C5E7126A9A4140055ABA3 /* GoogleService-Info.plist */; };
		4E1C5F2926B5B4080055ABA3 /* Service.swift in Sources */ = {isa = PBXBuildFile; fileRef = 4E1C5F0A26B5B4060055ABA3 /* Service.swift */; };
		4E1C5F2A26B5B4080055ABA3 /* AuthService.swift in Sources */ = {isa = PBXBuildFile; fileRef = 4E1C5F0B26B5B4060055ABA3 /* AuthService.swift */; };
		4E1C5F2B26B5B4080055ABA3 /* Constants.swift in Sources */ = {isa = PBXBuildFile; fileRef = 4E1C5F0D26B5B4070055ABA3 /* Constants.swift */; };
		4E1C5F2C26B5B4080055ABA3 /* Extension.swift in Sources */ = {isa = PBXBuildFile; fileRef = 4E1C5F0E26B5B4070055ABA3 /* Extension.swift */; };
		4E1C5F2D26B5B4080055ABA3 /* ChatViewController.swift in Sources */ = {isa = PBXBuildFile; fileRef = 4E1C5F1026B5B4070055ABA3 /* ChatViewController.swift */; };
		4E1C5F2E26B5B4080055ABA3 /* FriendsViewController.swift in Sources */ = {isa = PBXBuildFile; fileRef = 4E1C5F1126B5B4070055ABA3 /* FriendsViewController.swift */; };
		4E1C5F2F26B5B4080055ABA3 /* SignInSplashViewController.swift in Sources */ = {isa = PBXBuildFile; fileRef = 4E1C5F1226B5B4070055ABA3 /* SignInSplashViewController.swift */; };
		4E1C5F3026B5B4080055ABA3 /* ChatCollectionViewController.swift in Sources */ = {isa = PBXBuildFile; fileRef = 4E1C5F1326B5B4070055ABA3 /* ChatCollectionViewController.swift */; };
		4E1C5F3126B5B4080055ABA3 /* NewMessageViewController.swift in Sources */ = {isa = PBXBuildFile; fileRef = 4E1C5F1426B5B4070055ABA3 /* NewMessageViewController.swift */; };
		4E1C5F3226B5B4080055ABA3 /* LoginViewController.swift in Sources */ = {isa = PBXBuildFile; fileRef = 4E1C5F1626B5B4070055ABA3 /* LoginViewController.swift */; };
		4E1C5F3326B5B4080055ABA3 /* RegistrationViewController.swift in Sources */ = {isa = PBXBuildFile; fileRef = 4E1C5F1726B5B4070055ABA3 /* RegistrationViewController.swift */; };
		4E1C5F3426B5B4080055ABA3 /* Message.swift in Sources */ = {isa = PBXBuildFile; fileRef = 4E1C5F1926B5B4080055ABA3 /* Message.swift */; };
		4E1C5F3526B5B4080055ABA3 /* User.swift in Sources */ = {isa = PBXBuildFile; fileRef = 4E1C5F1A26B5B4080055ABA3 /* User.swift */; };
		4E1C5F3626B5B4080055ABA3 /* AppDelegate.swift in Sources */ = {isa = PBXBuildFile; fileRef = 4E1C5F1B26B5B4080055ABA3 /* AppDelegate.swift */; };
		4E1C5F3726B5B4080055ABA3 /* SceneDelegate.swift in Sources */ = {isa = PBXBuildFile; fileRef = 4E1C5F1C26B5B4080055ABA3 /* SceneDelegate.swift */; };
		4E1C5F3826B5B4080055ABA3 /* NewMessageControllerDelegate.swift in Sources */ = {isa = PBXBuildFile; fileRef = 4E1C5F1D26B5B4080055ABA3 /* NewMessageControllerDelegate.swift */; };
		4E1C5F3926B5B4080055ABA3 /* MessageViewModel.swift in Sources */ = {isa = PBXBuildFile; fileRef = 4E1C5F1F26B5B4080055ABA3 /* MessageViewModel.swift */; };
		4E1C5F3A26B5B4080055ABA3 /* CustomInputAccessoryView.swift in Sources */ = {isa = PBXBuildFile; fileRef = 4E1C5F2126B5B4080055ABA3 /* CustomInputAccessoryView.swift */; };
		4E1C5F3B26B5B4080055ABA3 /* ChatTableViewCell.swift in Sources */ = {isa = PBXBuildFile; fileRef = 4E1C5F2226B5B4080055ABA3 /* ChatTableViewCell.swift */; };
		4E1C5F3C26B5B4080055ABA3 /* LaunchScreen.storyboard in Resources */ = {isa = PBXBuildFile; fileRef = 4E1C5F2326B5B4080055ABA3 /* LaunchScreen.storyboard */; };
		4E1C5F3D26B5B4080055ABA3 /* Main.storyboard in Resources */ = {isa = PBXBuildFile; fileRef = 4E1C5F2526B5B4080055ABA3 /* Main.storyboard */; };
		4E1C5F3E26B5B4080055ABA3 /* MessageCollectionViewCell.swift in Sources */ = {isa = PBXBuildFile; fileRef = 4E1C5F2726B5B4080055ABA3 /* MessageCollectionViewCell.swift */; };
		4E1C5F3F26B5B4080055ABA3 /* UserTableViewCell.swift in Sources */ = {isa = PBXBuildFile; fileRef = 4E1C5F2826B5B4080055ABA3 /* UserTableViewCell.swift */; };
		4E1C5F4226B5B60E0055ABA3 /* Info.plist in Resources */ = {isa = PBXBuildFile; fileRef = 4E1C5F4426B5B60E0055ABA3 /* Info.plist */; };
		4E1C5F4626B756D90055ABA3 /* ProfileViewController.swift in Sources */ = {isa = PBXBuildFile; fileRef = 4E1C5F4526B756D90055ABA3 /* ProfileViewController.swift */; };
		4E75D60B26940D7F0098A791 /* Assets.xcassets in Resources */ = {isa = PBXBuildFile; fileRef = 4E75D60A26940D7F0098A791 /* Assets.xcassets */; };
/* End PBXBuildFile section */

/* Begin PBXFileReference section */
		299360724DC610CF31766D27 /* Pods-LetsChatBeta.release.xcconfig */ = {isa = PBXFileReference; includeInIndex = 1; lastKnownFileType = text.xcconfig; name = "Pods-LetsChatBeta.release.xcconfig"; path = "Target Support Files/Pods-LetsChatBeta/Pods-LetsChatBeta.release.xcconfig"; sourceTree = "<group>"; };
		4E1C5E7126A9A4140055ABA3 /* GoogleService-Info.plist */ = {isa = PBXFileReference; lastKnownFileType = text.plist; path = "GoogleService-Info.plist"; sourceTree = SOURCE_ROOT; };
		4E1C5F0A26B5B4060055ABA3 /* Service.swift */ = {isa = PBXFileReference; fileEncoding = 4; lastKnownFileType = sourcecode.swift; path = Service.swift; sourceTree = "<group>"; };
		4E1C5F0B26B5B4060055ABA3 /* AuthService.swift */ = {isa = PBXFileReference; fileEncoding = 4; lastKnownFileType = sourcecode.swift; path = AuthService.swift; sourceTree = "<group>"; };
		4E1C5F0D26B5B4070055ABA3 /* Constants.swift */ = {isa = PBXFileReference; fileEncoding = 4; lastKnownFileType = sourcecode.swift; path = Constants.swift; sourceTree = "<group>"; };
		4E1C5F0E26B5B4070055ABA3 /* Extension.swift */ = {isa = PBXFileReference; fileEncoding = 4; lastKnownFileType = sourcecode.swift; path = Extension.swift; sourceTree = "<group>"; };
		4E1C5F1026B5B4070055ABA3 /* ChatViewController.swift */ = {isa = PBXFileReference; fileEncoding = 4; lastKnownFileType = sourcecode.swift; path = ChatViewController.swift; sourceTree = "<group>"; };
		4E1C5F1126B5B4070055ABA3 /* FriendsViewController.swift */ = {isa = PBXFileReference; fileEncoding = 4; lastKnownFileType = sourcecode.swift; path = FriendsViewController.swift; sourceTree = "<group>"; };
		4E1C5F1226B5B4070055ABA3 /* SignInSplashViewController.swift */ = {isa = PBXFileReference; fileEncoding = 4; lastKnownFileType = sourcecode.swift; path = SignInSplashViewController.swift; sourceTree = "<group>"; };
		4E1C5F1326B5B4070055ABA3 /* ChatCollectionViewController.swift */ = {isa = PBXFileReference; fileEncoding = 4; lastKnownFileType = sourcecode.swift; path = ChatCollectionViewController.swift; sourceTree = "<group>"; };
		4E1C5F1426B5B4070055ABA3 /* NewMessageViewController.swift */ = {isa = PBXFileReference; fileEncoding = 4; lastKnownFileType = sourcecode.swift; path = NewMessageViewController.swift; sourceTree = "<group>"; };
		4E1C5F1626B5B4070055ABA3 /* LoginViewController.swift */ = {isa = PBXFileReference; fileEncoding = 4; lastKnownFileType = sourcecode.swift; path = LoginViewController.swift; sourceTree = "<group>"; };
		4E1C5F1726B5B4070055ABA3 /* RegistrationViewController.swift */ = {isa = PBXFileReference; fileEncoding = 4; lastKnownFileType = sourcecode.swift; path = RegistrationViewController.swift; sourceTree = "<group>"; };
		4E1C5F1926B5B4080055ABA3 /* Message.swift */ = {isa = PBXFileReference; fileEncoding = 4; lastKnownFileType = sourcecode.swift; path = Message.swift; sourceTree = "<group>"; };
		4E1C5F1A26B5B4080055ABA3 /* User.swift */ = {isa = PBXFileReference; fileEncoding = 4; lastKnownFileType = sourcecode.swift; path = User.swift; sourceTree = "<group>"; };
		4E1C5F1B26B5B4080055ABA3 /* AppDelegate.swift */ = {isa = PBXFileReference; fileEncoding = 4; lastKnownFileType = sourcecode.swift; path = AppDelegate.swift; sourceTree = "<group>"; };
		4E1C5F1C26B5B4080055ABA3 /* SceneDelegate.swift */ = {isa = PBXFileReference; fileEncoding = 4; lastKnownFileType = sourcecode.swift; path = SceneDelegate.swift; sourceTree = "<group>"; };
		4E1C5F1D26B5B4080055ABA3 /* NewMessageControllerDelegate.swift */ = {isa = PBXFileReference; fileEncoding = 4; lastKnownFileType = sourcecode.swift; path = NewMessageControllerDelegate.swift; sourceTree = "<group>"; };
		4E1C5F1F26B5B4080055ABA3 /* MessageViewModel.swift */ = {isa = PBXFileReference; fileEncoding = 4; lastKnownFileType = sourcecode.swift; path = MessageViewModel.swift; sourceTree = "<group>"; };
		4E1C5F2126B5B4080055ABA3 /* CustomInputAccessoryView.swift */ = {isa = PBXFileReference; fileEncoding = 4; lastKnownFileType = sourcecode.swift; path = CustomInputAccessoryView.swift; sourceTree = "<group>"; };
		4E1C5F2226B5B4080055ABA3 /* ChatTableViewCell.swift */ = {isa = PBXFileReference; fileEncoding = 4; lastKnownFileType = sourcecode.swift; path = ChatTableViewCell.swift; sourceTree = "<group>"; };
		4E1C5F2426B5B4080055ABA3 /* Base */ = {isa = PBXFileReference; lastKnownFileType = file.storyboard; name = Base; path = Base.lproj/LaunchScreen.storyboard; sourceTree = "<group>"; };
		4E1C5F2626B5B4080055ABA3 /* Base */ = {isa = PBXFileReference; lastKnownFileType = file.storyboard; name = Base; path = Base.lproj/Main.storyboard; sourceTree = "<group>"; };
		4E1C5F2726B5B4080055ABA3 /* MessageCollectionViewCell.swift */ = {isa = PBXFileReference; fileEncoding = 4; lastKnownFileType = sourcecode.swift; path = MessageCollectionViewCell.swift; sourceTree = "<group>"; };
		4E1C5F2826B5B4080055ABA3 /* UserTableViewCell.swift */ = {isa = PBXFileReference; fileEncoding = 4; lastKnownFileType = sourcecode.swift; path = UserTableViewCell.swift; sourceTree = "<group>"; };
		4E1C5F4326B5B60E0055ABA3 /* Base */ = {isa = PBXFileReference; lastKnownFileType = text.plist.xml; name = Base; path = Base.lproj/Info.plist; sourceTree = "<group>"; };
		4E1C5F4526B756D90055ABA3 /* ProfileViewController.swift */ = {isa = PBXFileReference; fileEncoding = 4; lastKnownFileType = sourcecode.swift; path = ProfileViewController.swift; sourceTree = "<group>"; };
		4E75D5FE26940D7D0098A791 /* LetsChatBeta.app */ = {isa = PBXFileReference; explicitFileType = wrapper.application; includeInIndex = 0; path = LetsChatBeta.app; sourceTree = BUILT_PRODUCTS_DIR; };
		4E75D60A26940D7F0098A791 /* Assets.xcassets */ = {isa = PBXFileReference; lastKnownFileType = folder.assetcatalog; path = Assets.xcassets; sourceTree = "<group>"; };
		77B6785364CB3BB2D8BDDFC8 /* Pods_LetsChatBeta.framework */ = {isa = PBXFileReference; explicitFileType = wrapper.framework; includeInIndex = 0; path = Pods_LetsChatBeta.framework; sourceTree = BUILT_PRODUCTS_DIR; };
		7D07A55AC7C39C13384EEF23 /* Pods-LetsChatBeta.debug.xcconfig */ = {isa = PBXFileReference; includeInIndex = 1; lastKnownFileType = text.xcconfig; name = "Pods-LetsChatBeta.debug.xcconfig"; path = "Target Support Files/Pods-LetsChatBeta/Pods-LetsChatBeta.debug.xcconfig"; sourceTree = "<group>"; };
/* End PBXFileReference section */

/* Begin PBXFrameworksBuildPhase section */
		4E75D5FB26940D7D0098A791 /* Frameworks */ = {
			isa = PBXFrameworksBuildPhase;
			buildActionMask = 2147483647;
			files = (
				28057C704BD757E21C9FDABC /* Pods_LetsChatBeta.framework in Frameworks */,
			);
			runOnlyForDeploymentPostprocessing = 0;
		};
/* End PBXFrameworksBuildPhase section */

/* Begin PBXGroup section */
		2A80D98DAD451E7C4AB89816 /* Pods */ = {
			isa = PBXGroup;
			children = (
				7D07A55AC7C39C13384EEF23 /* Pods-LetsChatBeta.debug.xcconfig */,
				299360724DC610CF31766D27 /* Pods-LetsChatBeta.release.xcconfig */,
			);
			path = Pods;
			sourceTree = "<group>";
		};
		4E1C5F0926B5B4060055ABA3 /* API */ = {
			isa = PBXGroup;
			children = (
				4E1C5F0A26B5B4060055ABA3 /* Service.swift */,
				4E1C5F0B26B5B4060055ABA3 /* AuthService.swift */,
			);
			path = API;
			sourceTree = "<group>";
		};
		4E1C5F0C26B5B4070055ABA3 /* Utilities */ = {
			isa = PBXGroup;
			children = (
				4E1C5F0D26B5B4070055ABA3 /* Constants.swift */,
				4E1C5F0E26B5B4070055ABA3 /* Extension.swift */,
			);
			path = Utilities;
			sourceTree = "<group>";
		};
		4E1C5F0F26B5B4070055ABA3 /* Controller */ = {
			isa = PBXGroup;
			children = (
				4E1C5F1026B5B4070055ABA3 /* ChatViewController.swift */,
				4E1C5F1126B5B4070055ABA3 /* FriendsViewController.swift */,
				4E1C5F1226B5B4070055ABA3 /* SignInSplashViewController.swift */,
				4E1C5F1326B5B4070055ABA3 /* ChatCollectionViewController.swift */,
				4E1C5F1426B5B4070055ABA3 /* NewMessageViewController.swift */,
				4E1C5F4526B756D90055ABA3 /* ProfileViewController.swift */,
				4E1C5F1526B5B4070055ABA3 /* Authentication */,
			);
			path = Controller;
			sourceTree = "<group>";
		};
		4E1C5F1526B5B4070055ABA3 /* Authentication */ = {
			isa = PBXGroup;
			children = (
				4E1C5F1626B5B4070055ABA3 /* LoginViewController.swift */,
				4E1C5F1726B5B4070055ABA3 /* RegistrationViewController.swift */,
			);
			path = Authentication;
			sourceTree = "<group>";
		};
		4E1C5F1826B5B4080055ABA3 /* Model */ = {
			isa = PBXGroup;
			children = (
				4E1C5F1926B5B4080055ABA3 /* Message.swift */,
				4E1C5F1A26B5B4080055ABA3 /* User.swift */,
				4E1C5F1B26B5B4080055ABA3 /* AppDelegate.swift */,
				4E1C5F1C26B5B4080055ABA3 /* SceneDelegate.swift */,
				4E1C5F1D26B5B4080055ABA3 /* NewMessageControllerDelegate.swift */,
			);
			path = Model;
			sourceTree = "<group>";
		};
		4E1C5F1E26B5B4080055ABA3 /* ViewModel */ = {
			isa = PBXGroup;
			children = (
				4E1C5F1F26B5B4080055ABA3 /* MessageViewModel.swift */,
			);
			path = ViewModel;
			sourceTree = "<group>";
		};
		4E1C5F2026B5B4080055ABA3 /* View */ = {
			isa = PBXGroup;
			children = (
				4E1C5F2126B5B4080055ABA3 /* CustomInputAccessoryView.swift */,
				4E1C5F2226B5B4080055ABA3 /* ChatTableViewCell.swift */,
				4E1C5F2326B5B4080055ABA3 /* LaunchScreen.storyboard */,
				4E1C5F2526B5B4080055ABA3 /* Main.storyboard */,
				4E1C5F2726B5B4080055ABA3 /* MessageCollectionViewCell.swift */,
				4E1C5F2826B5B4080055ABA3 /* UserTableViewCell.swift */,
			);
			path = View;
			sourceTree = "<group>";
		};
		4E75D5F526940D7D0098A791 = {
			isa = PBXGroup;
			children = (
				4E75D60026940D7D0098A791 /* LetsChatBeta */,
				4E75D5FF26940D7D0098A791 /* Products */,
				2A80D98DAD451E7C4AB89816 /* Pods */,
				ED517E1C514C9179C01BAB2C /* Frameworks */,
			);
			sourceTree = "<group>";
		};
		4E75D5FF26940D7D0098A791 /* Products */ = {
			isa = PBXGroup;
			children = (
				4E75D5FE26940D7D0098A791 /* LetsChatBeta.app */,
			);
			name = Products;
			sourceTree = "<group>";
		};
		4E75D60026940D7D0098A791 /* LetsChatBeta */ = {
			isa = PBXGroup;
			children = (
				4E1C5F0926B5B4060055ABA3 /* API */,
				4E1C5F0F26B5B4070055ABA3 /* Controller */,
				4E1C5F1826B5B4080055ABA3 /* Model */,
				4E1C5F0C26B5B4070055ABA3 /* Utilities */,
				4E1C5F2026B5B4080055ABA3 /* View */,
				4E1C5F1E26B5B4080055ABA3 /* ViewModel */,
				4E75D60A26940D7F0098A791 /* Assets.xcassets */,
				4E1C5E7126A9A4140055ABA3 /* GoogleService-Info.plist */,
				4E1C5F4426B5B60E0055ABA3 /* Info.plist */,
			);
			path = LetsChatBeta;
			sourceTree = "<group>";
		};
		ED517E1C514C9179C01BAB2C /* Frameworks */ = {
			isa = PBXGroup;
			children = (
				77B6785364CB3BB2D8BDDFC8 /* Pods_LetsChatBeta.framework */,
			);
			name = Frameworks;
			sourceTree = "<group>";
		};
/* End PBXGroup section */

/* Begin PBXNativeTarget section */
		4E75D5FD26940D7D0098A791 /* LetsChatBeta */ = {
			isa = PBXNativeTarget;
			buildConfigurationList = 4E75D61226940D7F0098A791 /* Build configuration list for PBXNativeTarget "LetsChatBeta" */;
			buildPhases = (
				6A4A49C032F7B17D69798FDA /* [CP] Check Pods Manifest.lock */,
				4E75D5FA26940D7D0098A791 /* Sources */,
				4E75D5FB26940D7D0098A791 /* Frameworks */,
				4E75D5FC26940D7D0098A791 /* Resources */,
				A01EF766BC8D5830E43DE142 /* [CP] Embed Pods Frameworks */,
			);
			buildRules = (
			);
			dependencies = (
			);
			name = LetsChatBeta;
			productName = LetsChatBeta;
			productReference = 4E75D5FE26940D7D0098A791 /* LetsChatBeta.app */;
			productType = "com.apple.product-type.application";
		};
/* End PBXNativeTarget section */

/* Begin PBXProject section */
		4E75D5F626940D7D0098A791 /* Project object */ = {
			isa = PBXProject;
			attributes = {
				LastSwiftUpdateCheck = 1250;
				LastUpgradeCheck = 1250;
				TargetAttributes = {
					4E75D5FD26940D7D0098A791 = {
						CreatedOnToolsVersion = 12.5;
					};
				};
			};
			buildConfigurationList = 4E75D5F926940D7D0098A791 /* Build configuration list for PBXProject "LetsChatBeta" */;
			compatibilityVersion = "Xcode 9.3";
			developmentRegion = en;
			hasScannedForEncodings = 0;
			knownRegions = (
				en,
				Base,
			);
			mainGroup = 4E75D5F526940D7D0098A791;
			productRefGroup = 4E75D5FF26940D7D0098A791 /* Products */;
			projectDirPath = "";
			projectRoot = "";
			targets = (
				4E75D5FD26940D7D0098A791 /* LetsChatBeta */,
			);
		};
/* End PBXProject section */

/* Begin PBXResourcesBuildPhase section */
		4E75D5FC26940D7D0098A791 /* Resources */ = {
			isa = PBXResourcesBuildPhase;
			buildActionMask = 2147483647;
			files = (
				4E1C5F3C26B5B4080055ABA3 /* LaunchScreen.storyboard in Resources */,
				4E1C5E7226A9A4140055ABA3 /* GoogleService-Info.plist in Resources */,
				4E75D60B26940D7F0098A791 /* Assets.xcassets in Resources */,
				4E1C5F4226B5B60E0055ABA3 /* Info.plist in Resources */,
				4E1C5F3D26B5B4080055ABA3 /* Main.storyboard in Resources */,
			);
			runOnlyForDeploymentPostprocessing = 0;
		};
/* End PBXResourcesBuildPhase section */

/* Begin PBXShellScriptBuildPhase section */
		6A4A49C032F7B17D69798FDA /* [CP] Check Pods Manifest.lock */ = {
			isa = PBXShellScriptBuildPhase;
			buildActionMask = 2147483647;
			files = (
			);
			inputFileListPaths = (
			);
			inputPaths = (
				"${PODS_PODFILE_DIR_PATH}/Podfile.lock",
				"${PODS_ROOT}/Manifest.lock",
			);
			name = "[CP] Check Pods Manifest.lock";
			outputFileListPaths = (
			);
			outputPaths = (
				"$(DERIVED_FILE_DIR)/Pods-LetsChatBeta-checkManifestLockResult.txt",
			);
			runOnlyForDeploymentPostprocessing = 0;
			shellPath = /bin/sh;
			shellScript = "diff \"${PODS_PODFILE_DIR_PATH}/Podfile.lock\" \"${PODS_ROOT}/Manifest.lock\" > /dev/null\nif [ $? != 0 ] ; then\n    # print error to STDERR\n    echo \"error: The sandbox is not in sync with the Podfile.lock. Run 'pod install' or update your CocoaPods installation.\" >&2\n    exit 1\nfi\n# This output is used by Xcode 'outputs' to avoid re-running this script phase.\necho \"SUCCESS\" > \"${SCRIPT_OUTPUT_FILE_0}\"\n";
			showEnvVarsInLog = 0;
		};
		A01EF766BC8D5830E43DE142 /* [CP] Embed Pods Frameworks */ = {
			isa = PBXShellScriptBuildPhase;
			buildActionMask = 2147483647;
			files = (
			);
			inputFileListPaths = (
				"${PODS_ROOT}/Target Support Files/Pods-LetsChatBeta/Pods-LetsChatBeta-frameworks-${CONFIGURATION}-input-files.xcfilelist",
			);
			name = "[CP] Embed Pods Frameworks";
			outputFileListPaths = (
				"${PODS_ROOT}/Target Support Files/Pods-LetsChatBeta/Pods-LetsChatBeta-frameworks-${CONFIGURATION}-output-files.xcfilelist",
			);
			runOnlyForDeploymentPostprocessing = 0;
			shellPath = /bin/sh;
			shellScript = "\"${PODS_ROOT}/Target Support Files/Pods-LetsChatBeta/Pods-LetsChatBeta-frameworks.sh\"\n";
			showEnvVarsInLog = 0;
		};
/* End PBXShellScriptBuildPhase section */

/* Begin PBXSourcesBuildPhase section */
		4E75D5FA26940D7D0098A791 /* Sources */ = {
			isa = PBXSourcesBuildPhase;
			buildActionMask = 2147483647;
			files = (
				4E1C5F3526B5B4080055ABA3 /* User.swift in Sources */,
				4E1C5F3026B5B4080055ABA3 /* ChatCollectionViewController.swift in Sources */,
				4E1C5F3126B5B4080055ABA3 /* NewMessageViewController.swift in Sources */,
				4E1C5F2F26B5B4080055ABA3 /* SignInSplashViewController.swift in Sources */,
				4E1C5F3626B5B4080055ABA3 /* AppDelegate.swift in Sources */,
				4E1C5F3B26B5B4080055ABA3 /* ChatTableViewCell.swift in Sources */,
				4E1C5F4626B756D90055ABA3 /* ProfileViewController.swift in Sources */,
				4E1C5F3E26B5B4080055ABA3 /* MessageCollectionViewCell.swift in Sources */,
				4E1C5F3726B5B4080055ABA3 /* SceneDelegate.swift in Sources */,
				4E1C5F3326B5B4080055ABA3 /* RegistrationViewController.swift in Sources */,
				4E1C5F3826B5B4080055ABA3 /* NewMessageControllerDelegate.swift in Sources */,
				4E1C5F2926B5B4080055ABA3 /* Service.swift in Sources */,
				4E1C5F3926B5B4080055ABA3 /* MessageViewModel.swift in Sources */,
				4E1C5F2A26B5B4080055ABA3 /* AuthService.swift in Sources */,
				4E1C5F2B26B5B4080055ABA3 /* Constants.swift in Sources */,
				4E1C5F2D26B5B4080055ABA3 /* ChatViewController.swift in Sources */,
				4E1C5F2E26B5B4080055ABA3 /* FriendsViewController.swift in Sources */,
				4E1C5F3F26B5B4080055ABA3 /* UserTableViewCell.swift in Sources */,
				4E1C5F3426B5B4080055ABA3 /* Message.swift in Sources */,
				4E1C5F3226B5B4080055ABA3 /* LoginViewController.swift in Sources */,
				4E1C5F2C26B5B4080055ABA3 /* Extension.swift in Sources */,
				4E1C5F3A26B5B4080055ABA3 /* CustomInputAccessoryView.swift in Sources */,
			);
			runOnlyForDeploymentPostprocessing = 0;
		};
/* End PBXSourcesBuildPhase section */

/* Begin PBXVariantGroup section */
		4E1C5F2326B5B4080055ABA3 /* LaunchScreen.storyboard */ = {
			isa = PBXVariantGroup;
			children = (
				4E1C5F2426B5B4080055ABA3 /* Base */,
			);
			name = LaunchScreen.storyboard;
			sourceTree = "<group>";
		};
		4E1C5F2526B5B4080055ABA3 /* Main.storyboard */ = {
			isa = PBXVariantGroup;
			children = (
				4E1C5F2626B5B4080055ABA3 /* Base */,
			);
			name = Main.storyboard;
			sourceTree = "<group>";
		};
		4E1C5F4426B5B60E0055ABA3 /* Info.plist */ = {
			isa = PBXVariantGroup;
			children = (
				4E1C5F4326B5B60E0055ABA3 /* Base */,
			);
			name = Info.plist;
			path = ../../../../../../LetsChatBeta/LetsChatBeta;
			sourceTree = "<group>";
		};
/* End PBXVariantGroup section */

/* Begin XCBuildConfiguration section */
		4E75D61026940D7F0098A791 /* Debug */ = {
			isa = XCBuildConfiguration;
			buildSettings = {
				ALWAYS_SEARCH_USER_PATHS = NO;
				CLANG_ANALYZER_NONNULL = YES;
				CLANG_ANALYZER_NUMBER_OBJECT_CONVERSION = YES_AGGRESSIVE;
				CLANG_CXX_LANGUAGE_STANDARD = "gnu++14";
				CLANG_CXX_LIBRARY = "libc++";
				CLANG_ENABLE_MODULES = YES;
				CLANG_ENABLE_OBJC_ARC = YES;
				CLANG_ENABLE_OBJC_WEAK = YES;
				CLANG_WARN_BLOCK_CAPTURE_AUTORELEASING = YES;
				CLANG_WARN_BOOL_CONVERSION = YES;
				CLANG_WARN_COMMA = YES;
				CLANG_WARN_CONSTANT_CONVERSION = YES;
				CLANG_WARN_DEPRECATED_OBJC_IMPLEMENTATIONS = YES;
				CLANG_WARN_DIRECT_OBJC_ISA_USAGE = YES_ERROR;
				CLANG_WARN_DOCUMENTATION_COMMENTS = YES;
				CLANG_WARN_EMPTY_BODY = YES;
				CLANG_WARN_ENUM_CONVERSION = YES;
				CLANG_WARN_INFINITE_RECURSION = YES;
				CLANG_WARN_INT_CONVERSION = YES;
				CLANG_WARN_NON_LITERAL_NULL_CONVERSION = YES;
				CLANG_WARN_OBJC_IMPLICIT_RETAIN_SELF = YES;
				CLANG_WARN_OBJC_LITERAL_CONVERSION = YES;
				CLANG_WARN_OBJC_ROOT_CLASS = YES_ERROR;
				CLANG_WARN_QUOTED_INCLUDE_IN_FRAMEWORK_HEADER = YES;
				CLANG_WARN_RANGE_LOOP_ANALYSIS = YES;
				CLANG_WARN_STRICT_PROTOTYPES = YES;
				CLANG_WARN_SUSPICIOUS_MOVE = YES;
				CLANG_WARN_UNGUARDED_AVAILABILITY = YES_AGGRESSIVE;
				CLANG_WARN_UNREACHABLE_CODE = YES;
				CLANG_WARN__DUPLICATE_METHOD_MATCH = YES;
				COPY_PHASE_STRIP = NO;
				DEBUG_INFORMATION_FORMAT = dwarf;
				ENABLE_STRICT_OBJC_MSGSEND = YES;
				ENABLE_TESTABILITY = YES;
				GCC_C_LANGUAGE_STANDARD = gnu11;
				GCC_DYNAMIC_NO_PIC = NO;
				GCC_NO_COMMON_BLOCKS = YES;
				GCC_OPTIMIZATION_LEVEL = 0;
				GCC_PREPROCESSOR_DEFINITIONS = (
					"DEBUG=1",
					"$(inherited)",
				);
				GCC_WARN_64_TO_32_BIT_CONVERSION = YES;
				GCC_WARN_ABOUT_RETURN_TYPE = YES_ERROR;
				GCC_WARN_UNDECLARED_SELECTOR = YES;
				GCC_WARN_UNINITIALIZED_AUTOS = YES_AGGRESSIVE;
				GCC_WARN_UNUSED_FUNCTION = YES;
				GCC_WARN_UNUSED_VARIABLE = YES;
				IPHONEOS_DEPLOYMENT_TARGET = 14.5;
				MTL_ENABLE_DEBUG_INFO = INCLUDE_SOURCE;
				MTL_FAST_MATH = YES;
				ONLY_ACTIVE_ARCH = YES;
				SDKROOT = iphoneos;
				SWIFT_ACTIVE_COMPILATION_CONDITIONS = DEBUG;
				SWIFT_OPTIMIZATION_LEVEL = "-Onone";
			};
			name = Debug;
		};
		4E75D61126940D7F0098A791 /* Release */ = {
			isa = XCBuildConfiguration;
			buildSettings = {
				ALWAYS_SEARCH_USER_PATHS = NO;
				CLANG_ANALYZER_NONNULL = YES;
				CLANG_ANALYZER_NUMBER_OBJECT_CONVERSION = YES_AGGRESSIVE;
				CLANG_CXX_LANGUAGE_STANDARD = "gnu++14";
				CLANG_CXX_LIBRARY = "libc++";
				CLANG_ENABLE_MODULES = YES;
				CLANG_ENABLE_OBJC_ARC = YES;
				CLANG_ENABLE_OBJC_WEAK = YES;
				CLANG_WARN_BLOCK_CAPTURE_AUTORELEASING = YES;
				CLANG_WARN_BOOL_CONVERSION = YES;
				CLANG_WARN_COMMA = YES;
				CLANG_WARN_CONSTANT_CONVERSION = YES;
				CLANG_WARN_DEPRECATED_OBJC_IMPLEMENTATIONS = YES;
				CLANG_WARN_DIRECT_OBJC_ISA_USAGE = YES_ERROR;
				CLANG_WARN_DOCUMENTATION_COMMENTS = YES;
				CLANG_WARN_EMPTY_BODY = YES;
				CLANG_WARN_ENUM_CONVERSION = YES;
				CLANG_WARN_INFINITE_RECURSION = YES;
				CLANG_WARN_INT_CONVERSION = YES;
				CLANG_WARN_NON_LITERAL_NULL_CONVERSION = YES;
				CLANG_WARN_OBJC_IMPLICIT_RETAIN_SELF = YES;
				CLANG_WARN_OBJC_LITERAL_CONVERSION = YES;
				CLANG_WARN_OBJC_ROOT_CLASS = YES_ERROR;
				CLANG_WARN_QUOTED_INCLUDE_IN_FRAMEWORK_HEADER = YES;
				CLANG_WARN_RANGE_LOOP_ANALYSIS = YES;
				CLANG_WARN_STRICT_PROTOTYPES = YES;
				CLANG_WARN_SUSPICIOUS_MOVE = YES;
				CLANG_WARN_UNGUARDED_AVAILABILITY = YES_AGGRESSIVE;
				CLANG_WARN_UNREACHABLE_CODE = YES;
				CLANG_WARN__DUPLICATE_METHOD_MATCH = YES;
				COPY_PHASE_STRIP = NO;
				DEBUG_INFORMATION_FORMAT = "dwarf-with-dsym";
				ENABLE_NS_ASSERTIONS = NO;
				ENABLE_STRICT_OBJC_MSGSEND = YES;
				GCC_C_LANGUAGE_STANDARD = gnu11;
				GCC_NO_COMMON_BLOCKS = YES;
				GCC_WARN_64_TO_32_BIT_CONVERSION = YES;
				GCC_WARN_ABOUT_RETURN_TYPE = YES_ERROR;
				GCC_WARN_UNDECLARED_SELECTOR = YES;
				GCC_WARN_UNINITIALIZED_AUTOS = YES_AGGRESSIVE;
				GCC_WARN_UNUSED_FUNCTION = YES;
				GCC_WARN_UNUSED_VARIABLE = YES;
				IPHONEOS_DEPLOYMENT_TARGET = 14.5;
				MTL_ENABLE_DEBUG_INFO = NO;
				MTL_FAST_MATH = YES;
				SDKROOT = iphoneos;
				SWIFT_COMPILATION_MODE = wholemodule;
				SWIFT_OPTIMIZATION_LEVEL = "-O";
				VALIDATE_PRODUCT = YES;
			};
			name = Release;
		};
		4E75D61326940D7F0098A791 /* Debug */ = {
			isa = XCBuildConfiguration;
			baseConfigurationReference = 7D07A55AC7C39C13384EEF23 /* Pods-LetsChatBeta.debug.xcconfig */;
			buildSettings = {
				ASSETCATALOG_COMPILER_APPICON_NAME = AppIcon;
				ASSETCATALOG_COMPILER_GLOBAL_ACCENT_COLOR_NAME = AccentColor;
				CODE_SIGN_STYLE = Automatic;
				DEVELOPMENT_TEAM = 4P698B33JS;
				INFOPLIST_FILE = LetsChatBeta/Info.plist;
				LD_RUNPATH_SEARCH_PATHS = (
					"$(inherited)",
					"@executable_path/Frameworks",
				);
				PRODUCT_BUNDLE_IDENTIFIER = com.FrancoisLu.LetsChatBeta;
				PRODUCT_NAME = "$(TARGET_NAME)";
				SWIFT_VERSION = 5.0;
				TARGETED_DEVICE_FAMILY = 1;
			};
			name = Debug;
		};
		4E75D61426940D7F0098A791 /* Release */ = {
			isa = XCBuildConfiguration;
			baseConfigurationReference = 299360724DC610CF31766D27 /* Pods-LetsChatBeta.release.xcconfig */;
			buildSettings = {
				ASSETCATALOG_COMPILER_APPICON_NAME = AppIcon;
				ASSETCATALOG_COMPILER_GLOBAL_ACCENT_COLOR_NAME = AccentColor;
				CODE_SIGN_STYLE = Automatic;
				DEVELOPMENT_TEAM = 4P698B33JS;
				INFOPLIST_FILE = LetsChatBeta/Info.plist;
				LD_RUNPATH_SEARCH_PATHS = (
					"$(inherited)",
					"@executable_path/Frameworks",
				);
				PRODUCT_BUNDLE_IDENTIFIER = com.FrancoisLu.LetsChatBeta;
				PRODUCT_NAME = "$(TARGET_NAME)";
				SWIFT_VERSION = 5.0;
				TARGETED_DEVICE_FAMILY = 1;
			};
			name = Release;
		};
/* End XCBuildConfiguration section */

/* Begin XCConfigurationList section */
		4E75D5F926940D7D0098A791 /* Build configuration list for PBXProject "LetsChatBeta" */ = {
			isa = XCConfigurationList;
			buildConfigurations = (
				4E75D61026940D7F0098A791 /* Debug */,
				4E75D61126940D7F0098A791 /* Release */,
			);
			defaultConfigurationIsVisible = 0;
			defaultConfigurationName = Release;
		};
		4E75D61226940D7F0098A791 /* Build configuration list for PBXNativeTarget "LetsChatBeta" */ = {
			isa = XCConfigurationList;
			buildConfigurations = (
				4E75D61326940D7F0098A791 /* Debug */,
				4E75D61426940D7F0098A791 /* Release */,
			);
			defaultConfigurationIsVisible = 0;
			defaultConfigurationName = Release;
		};
/* End XCConfigurationList section */
	};
	rootObject = 4E75D5F626940D7D0098A791 /* Project object */;
}
